
Microsoft Visual Studio Solution File, Format Version 12.00
# Visual Studio 15
VisualStudioVersion = 15.0.27703.2026
MinimumVisualStudioVersion = 10.0.40219.1
Project("{9A19103F-16F7-4668-BE54-9A1E7A4F7556}") = "AdapterPatternTutorial", "AdapterPatternTutorial\AdapterPatternTutorial.csproj", "{36651A57-E764-4BF7-BCCE-2A7B4AD52B1F}"
EndProject
Global
	GlobalSection(SolutionConfigurationPlatforms) = preSolution
		Debug|Any CPU = Debug|Any CPU
		Release|Any CPU = Release|Any CPU
	EndGlobalSection
	GlobalSection(ProjectConfigurationPlatforms) = postSolution
		{36651A57-E764-4BF7-BCCE-2A7B4AD52B1F}.Debug|Any CPU.ActiveCfg = Debug|Any CPU
		{36651A57-E764-4BF7-BCCE-2A7B4AD52B1F}.Debug|Any CPU.Build.0 = Debug|Any CPU
		{36651A57-E764-4BF7-BCCE-2A7B4AD52B1F}.Release|Any CPU.ActiveCfg = Release|Any CPU
		{36651A57-E764-4BF7-BCCE-2A7B4AD52B1F}.Release|Any CPU.Build.0 = Release|Any CPU
	EndGlobalSection
	GlobalSection(SolutionProperties) = preSolution
		HideSolutionNode = FALSE
	EndGlobalSection
	GlobalSection(ExtensibilityGlobals) = postSolution
		SolutionGuid = {49347247-8F35-405C-BFBE-560E24121E90}
	EndGlobalSection
EndGlobal
